
Microsoft Visual Studio Solution File, Format Version 12.00
# Visual Studio Version 16
VisualStudioVersion = 16.0.30114.105
MinimumVisualStudioVersion = 10.0.40219.1
Project("{9A19103F-16F7-4668-BE54-9A1E7A4F7556}") = "DailyCodingProblems", "DailyCodingProblems.csproj", "{31763413-9431-403B-A278-5F216C29FF4B}"
EndProject
Project("{9A19103F-16F7-4668-BE54-9A1E7A4F7556}") = "Days", "..\..\Days\Days\Days.csproj", "{A77BE6AE-0CB3-489C-8875-68AD5004E090}"
EndProject
Global
	GlobalSection(SolutionConfigurationPlatforms) = preSolution
		Debug|Any CPU = Debug|Any CPU
		Release|Any CPU = Release|Any CPU
	EndGlobalSection
	GlobalSection(ProjectConfigurationPlatforms) = postSolution
		{31763413-9431-403B-A278-5F216C29FF4B}.Debug|Any CPU.ActiveCfg = Debug|Any CPU
		{31763413-9431-403B-A278-5F216C29FF4B}.Debug|Any CPU.Build.0 = Debug|Any CPU
		{31763413-9431-403B-A278-5F216C29FF4B}.Release|Any CPU.ActiveCfg = Release|Any CPU
		{31763413-9431-403B-A278-5F216C29FF4B}.Release|Any CPU.Build.0 = Release|Any CPU
		{A77BE6AE-0CB3-489C-8875-68AD5004E090}.Debug|Any CPU.ActiveCfg = Debug|Any CPU
		{A77BE6AE-0CB3-489C-8875-68AD5004E090}.Debug|Any CPU.Build.0 = Debug|Any CPU
		{A77BE6AE-0CB3-489C-8875-68AD5004E090}.Release|Any CPU.ActiveCfg = Release|Any CPU
		{A77BE6AE-0CB3-489C-8875-68AD5004E090}.Release|Any CPU.Build.0 = Release|Any CPU
	EndGlobalSection
	GlobalSection(SolutionProperties) = preSolution
		HideSolutionNode = FALSE
	EndGlobalSection
	GlobalSection(ExtensibilityGlobals) = postSolution
		SolutionGuid = {E80F09BB-FF10-4B1F-8535-188D3EC24322}
	EndGlobalSection
EndGlobal
